// !$*UTF8*$!
{
	archiveVersion = 1;
	classes = {
	};
	objectVersion = 50;
	objects = {

/* Begin PBXBuildFile section */
		65825B8A211007DD00C2A3C7 /* AppDelegate.swift in Sources */ = {isa = PBXBuildFile; fileRef = 65825B89211007DD00C2A3C7 /* AppDelegate.swift */; };
		65825B8C211007DD00C2A3C7 /* ViewController.swift in Sources */ = {isa = PBXBuildFile; fileRef = 65825B8B211007DD00C2A3C7 /* ViewController.swift */; };
		65825B8F211007DD00C2A3C7 /* Main.storyboard in Resources */ = {isa = PBXBuildFile; fileRef = 65825B8D211007DD00C2A3C7 /* Main.storyboard */; };
		65825B91211007E100C2A3C7 /* Assets.xcassets in Resources */ = {isa = PBXBuildFile; fileRef = 65825B90211007E100C2A3C7 /* Assets.xcassets */; };
		65825B94211007E100C2A3C7 /* LaunchScreen.storyboard in Resources */ = {isa = PBXBuildFile; fileRef = 65825B92211007E100C2A3C7 /* LaunchScreen.storyboard */; };
		65825B9C2110083000C2A3C7 /* JWGuideView.swift in Sources */ = {isa = PBXBuildFile; fileRef = 65825B9B2110083000C2A3C7 /* JWGuideView.swift */; };
/* End PBXBuildFile section */

/* Begin PBXFileReference section */
		65825B86211007DD00C2A3C7 /* JWNewGuideDemo.app */ = {isa = PBXFileReference; explicitFileType = wrapper.application; includeInIndex = 0; path = JWNewGuideDemo.app; sourceTree = BUILT_PRODUCTS_DIR; };
		65825B89211007DD00C2A3C7 /* AppDelegate.swift */ = {isa = PBXFileReference; lastKnownFileType = sourcecode.swift; path = AppDelegate.swift; sourceTree = "<group>"; };
		65825B8B211007DD00C2A3C7 /* ViewController.swift */ = {isa = PBXFileReference; lastKnownFileType = sourcecode.swift; path = ViewController.swift; sourceTree = "<group>"; };
		65825B8E211007DD00C2A3C7 /* Base */ = {isa = PBXFileReference; lastKnownFileType = file.storyboard; name = Base; path = Base.lproj/Main.storyboard; sourceTree = "<group>"; };
		65825B90211007E100C2A3C7 /* Assets.xcassets */ = {isa = PBXFileReference; lastKnownFileType = folder.assetcatalog; path = Assets.xcassets; sourceTree = "<group>"; };
		65825B93211007E100C2A3C7 /* Base */ = {isa = PBXFileReference; lastKnownFileType = file.storyboard; name = Base; path = Base.lproj/LaunchScreen.storyboard; sourceTree = "<group>"; };
		65825B95211007E100C2A3C7 /* Info.plist */ = {isa = PBXFileReference; lastKnownFileType = text.plist.xml; path = Info.plist; sourceTree = "<group>"; };
		65825B9B2110083000C2A3C7 /* JWGuideView.swift */ = {isa = PBXFileReference; lastKnownFileType = sourcecode.swift; path = JWGuideView.swift; sourceTree = "<group>"; };
/* End PBXFileReference section */

/* Begin PBXFrameworksBuildPhase section */
		65825B83211007DD00C2A3C7 /* Frameworks */ = {
			isa = PBXFrameworksBuildPhase;
			buildActionMask = 2147483647;
			files = (
			);
			runOnlyForDeploymentPostprocessing = 0;
		};
/* End PBXFrameworksBuildPhase section */

/* Begin PBXGroup section */
		65825B7D211007DD00C2A3C7 = {
			isa = PBXGroup;
			children = (
				65825B88211007DD00C2A3C7 /* JWNewGuideDemo */,
				65825B87211007DD00C2A3C7 /* Products */,
			);
			sourceTree = "<group>";
		};
		65825B87211007DD00C2A3C7 /* Products */ = {
			isa = PBXGroup;
			children = (
				65825B86211007DD00C2A3C7 /* JWNewGuideDemo.app */,
			);
			name = Products;
			sourceTree = "<group>";
		};
		65825B88211007DD00C2A3C7 /* JWNewGuideDemo */ = {
			isa = PBXGroup;
			children = (
				65825B89211007DD00C2A3C7 /* AppDelegate.swift */,
				65825B8B211007DD00C2A3C7 /* ViewController.swift */,
				65825B8D211007DD00C2A3C7 /* Main.storyboard */,
				65825B90211007E100C2A3C7 /* Assets.xcassets */,
				65825B92211007E100C2A3C7 /* LaunchScreen.storyboard */,
				65825B95211007E100C2A3C7 /* Info.plist */,
				65825B9B2110083000C2A3C7 /* JWGuideView.swift */,
			);
			path = JWNewGuideDemo;
			sourceTree = "<group>";
		};
/* End PBXGroup section */

/* Begin PBXNativeTarget section */
		65825B85211007DD00C2A3C7 /* JWNewGuideDemo */ = {
			isa = PBXNativeTarget;
			buildConfigurationList = 65825B98211007E100C2A3C7 /* Build configuration list for PBXNativeTarget "JWNewGuideDemo" */;
			buildPhases = (
				65825B82211007DD00C2A3C7 /* Sources */,
				65825B83211007DD00C2A3C7 /* Frameworks */,
				65825B84211007DD00C2A3C7 /* Resources */,
			);
			buildRules = (
			);
			dependencies = (
			);
			name = JWNewGuideDemo;
			productName = JWNewGuideDemo;
			productReference = 65825B86211007DD00C2A3C7 /* JWNewGuideDemo.app */;
			productType = "com.apple.product-type.application";
		};
/* End PBXNativeTarget section */

/* Begin PBXProject section */
		65825B7E211007DD00C2A3C7 /* Project object */ = {
			isa = PBXProject;
			attributes = {
				CLASSPREFIX = JW;
				LastSwiftUpdateCheck = 0940;
				LastUpgradeCheck = 0940;
				ORGANIZATIONNAME = JessieWu;
				TargetAttributes = {
					65825B85211007DD00C2A3C7 = {
						CreatedOnToolsVersion = 9.4.1;
					};
				};
			};
			buildConfigurationList = 65825B81211007DD00C2A3C7 /* Build configuration list for PBXProject "JWNewGuideDemo" */;
			compatibilityVersion = "Xcode 9.3";
			developmentRegion = en;
			hasScannedForEncodings = 0;
			knownRegions = (
				en,
				Base,
			);
			mainGroup = 65825B7D211007DD00C2A3C7;
			productRefGroup = 65825B87211007DD00C2A3C7 /* Products */;
			projectDirPath = "";
			projectRoot = "";
			targets = (
				65825B85211007DD00C2A3C7 /* JWNewGuideDemo */,
			);
		};
/* End PBXProject section */

/* Begin PBXResourcesBuildPhase section */
		65825B84211007DD00C2A3C7 /* Resources */ = {
			isa = PBXResourcesBuildPhase;
			buildActionMask = 2147483647;
			files = (
				65825B94211007E100C2A3C7 /* LaunchScreen.storyboard in Resources */,
				65825B91211007E100C2A3C7 /* Assets.xcassets in Resources */,
				65825B8F211007DD00C2A3C7 /* Main.storyboard in Resources */,
			);
			runOnlyForDeploymentPostprocessing = 0;
		};
/* End PBXResourcesBuildPhase section */

/* Begin PBXSourcesBuildPhase section */
		65825B82211007DD00C2A3C7 /* Sources */ = {
			isa = PBXSourcesBuildPhase;
			buildActionMask = 2147483647;
			files = (
				65825B8C211007DD00C2A3C7 /* ViewController.swift in Sources */,
				65825B8A211007DD00C2A3C7 /* AppDelegate.swift in Sources */,
				65825B9C2110083000C2A3C7 /* JWGuideView.swift in Sources */,
			);
			runOnlyForDeploymentPostprocessing = 0;
		};
/* End PBXSourcesBuildPhase section */

/* Begin PBXVariantGroup section */
		65825B8D211007DD00C2A3C7 /* Main.storyboard */ = {
			isa = PBXVariantGroup;
			children = (
				65825B8E211007DD00C2A3C7 /* Base */,
			);
			name = Main.storyboard;
			sourceTree = "<group>";
		};
		65825B92211007E100C2A3C7 /* LaunchScreen.storyboard */ = {
			isa = PBXVariantGroup;
			children = (
				65825B93211007E100C2A3C7 /* Base */,
			);
			name = LaunchScreen.storyboard;
			sourceTree = "<group>";
		};
/* End PBXVariantGroup section */

/* Begin XCBuildConfiguration section */
		65825B96211007E100C2A3C7 /* Debug */ = {
			isa = XCBuildConfiguration;
			buildSettings = {
				ALWAYS_SEARCH_USER_PATHS = NO;
				CLANG_ANALYZER_NONNULL = YES;
				CLANG_ANALYZER_NUMBER_OBJECT_CONVERSION = YES_AGGRESSIVE;
				CLANG_CXX_LANGUAGE_STANDARD = "gnu++14";
				CLANG_CXX_LIBRARY = "libc++";
				CLANG_ENABLE_MODULES = YES;
				CLANG_ENABLE_OBJC_ARC = YES;
				CLANG_ENABLE_OBJC_WEAK = YES;
				CLANG_WARN_BLOCK_CAPTURE_AUTORELEASING = YES;
				CLANG_WARN_BOOL_CONVERSION = YES;
				CLANG_WARN_COMMA = YES;
				CLANG_WARN_CONSTANT_CONVERSION = YES;
				CLANG_WARN_DEPRECATED_OBJC_IMPLEMENTATIONS = YES;
				CLANG_WARN_DIRECT_OBJC_ISA_USAGE = YES_ERROR;
				CLANG_WARN_DOCUMENTATION_COMMENTS = YES;
				CLANG_WARN_EMPTY_BODY = YES;
				CLANG_WARN_ENUM_CONVERSION = YES;
				CLANG_WARN_INFINITE_RECURSION = YES;
				CLANG_WARN_INT_CONVERSION = YES;
				CLANG_WARN_NON_LITERAL_NULL_CONVERSION = YES;
				CLANG_WARN_OBJC_IMPLICIT_RETAIN_SELF = YES;
				CLANG_WARN_OBJC_LITERAL_CONVERSION = YES;
				CLANG_WARN_OBJC_ROOT_CLASS = YES_ERROR;
				CLANG_WARN_RANGE_LOOP_ANALYSIS = YES;
				CLANG_WARN_STRICT_PROTOTYPES = YES;
				CLANG_WARN_SUSPICIOUS_MOVE = YES;
				CLANG_WARN_UNGUARDED_AVAILABILITY = YES_AGGRESSIVE;
				CLANG_WARN_UNREACHABLE_CODE = YES;
				CLANG_WARN__DUPLICATE_METHOD_MATCH = YES;
				CODE_SIGN_IDENTITY = "iPhone Developer";
				COPY_PHASE_STRIP = NO;
				DEBUG_INFORMATION_FORMAT = dwarf;
				ENABLE_STRICT_OBJC_MSGSEND = YES;
				ENABLE_TESTABILITY = YES;
				GCC_C_LANGUAGE_STANDARD = gnu11;
				GCC_DYNAMIC_NO_PIC = NO;
				GCC_NO_COMMON_BLOCKS = YES;
				GCC_OPTIMIZATION_LEVEL = 0;
				GCC_PREPROCESSOR_DEFINITIONS = (
					"DEBUG=1",
					"$(inherited)",
				);
				GCC_WARN_64_TO_32_BIT_CONVERSION = YES;
				GCC_WARN_ABOUT_RETURN_TYPE = YES_ERROR;
				GCC_WARN_UNDECLARED_SELECTOR = YES;
				GCC_WARN_UNINITIALIZED_AUTOS = YES_AGGRESSIVE;
				GCC_WARN_UNUSED_FUNCTION = YES;
				GCC_WARN_UNUSED_VARIABLE = YES;
				IPHONEOS_DEPLOYMENT_TARGET = 11.4;
				MTL_ENABLE_DEBUG_INFO = YES;
				ONLY_ACTIVE_ARCH = YES;
				SDKROOT = iphoneos;
				SWIFT_ACTIVE_COMPILATION_CONDITIONS = DEBUG;
				SWIFT_OPTIMIZATION_LEVEL = "-Onone";
			};
			name = Debug;
		};
		65825B97211007E100C2A3C7 /* Release */ = {
			isa = XCBuildConfiguration;
			buildSettings = {
				ALWAYS_SEARCH_USER_PATHS = NO;
				CLANG_ANALYZER_NONNULL = YES;
				CLANG_ANALYZER_NUMBER_OBJECT_CONVERSION = YES_AGGRESSIVE;
				CLANG_CXX_LANGUAGE_STANDARD = "gnu++14";
				CLANG_CXX_LIBRARY = "libc++";
				CLANG_ENABLE_MODULES = YES;
				CLANG_ENABLE_OBJC_ARC = YES;
				CLANG_ENABLE_OBJC_WEAK = YES;
				CLANG_WARN_BLOCK_CAPTURE_AUTORELEASING = YES;
				CLANG_WARN_BOOL_CONVERSION = YES;
				CLANG_WARN_COMMA = YES;
				CLANG_WARN_CONSTANT_CONVERSION = YES;
				CLANG_WARN_DEPRECATED_OBJC_IMPLEMENTATIONS = YES;
				CLANG_WARN_DIRECT_OBJC_ISA_USAGE = YES_ERROR;
				CLANG_WARN_DOCUMENTATION_COMMENTS = YES;
				CLANG_WARN_EMPTY_BODY = YES;
				CLANG_WARN_ENUM_CONVERSION = YES;
				CLANG_WARN_INFINITE_RECURSION = YES;
				CLANG_WARN_INT_CONVERSION = YES;
				CLANG_WARN_NON_LITERAL_NULL_CONVERSION = YES;
				CLANG_WARN_OBJC_IMPLICIT_RETAIN_SELF = YES;
				CLANG_WARN_OBJC_LITERAL_CONVERSION = YES;
				CLANG_WARN_OBJC_ROOT_CLASS = YES_ERROR;
				CLANG_WARN_RANGE_LOOP_ANALYSIS = YES;
				CLANG_WARN_STRICT_PROTOTYPES = YES;
				CLANG_WARN_SUSPICIOUS_MOVE = YES;
				CLANG_WARN_UNGUARDED_AVAILABILITY = YES_AGGRESSIVE;
				CLANG_WARN_UNREACHABLE_CODE = YES;
				CLANG_WARN__DUPLICATE_METHOD_MATCH = YES;
				CODE_SIGN_IDENTITY = "iPhone Developer";
				COPY_PHASE_STRIP = NO;
				DEBUG_INFORMATION_FORMAT = "dwarf-with-dsym";
				ENABLE_NS_ASSERTIONS = NO;
				ENABLE_STRICT_OBJC_MSGSEND = YES;
				GCC_C_LANGUAGE_STANDARD = gnu11;
				GCC_NO_COMMON_BLOCKS = YES;
				GCC_WARN_64_TO_32_BIT_CONVERSION = YES;
				GCC_WARN_ABOUT_RETURN_TYPE = YES_ERROR;
				GCC_WARN_UNDECLARED_SELECTOR = YES;
				GCC_WARN_UNINITIALIZED_AUTOS = YES_AGGRESSIVE;
				GCC_WARN_UNUSED_FUNCTION = YES;
				GCC_WARN_UNUSED_VARIABLE = YES;
				IPHONEOS_DEPLOYMENT_TARGET = 11.4;
				MTL_ENABLE_DEBUG_INFO = NO;
				SDKROOT = iphoneos;
				SWIFT_COMPILATION_MODE = wholemodule;
				SWIFT_OPTIMIZATION_LEVEL = "-O";
				VALIDATE_PRODUCT = YES;
			};
			name = Release;
		};
		65825B99211007E100C2A3C7 /* Debug */ = {
			isa = XCBuildConfiguration;
			buildSettings = {
				ASSETCATALOG_COMPILER_APPICON_NAME = AppIcon;
				CODE_SIGN_STYLE = Automatic;
				DEVELOPMENT_TEAM = DT8MY6DL3S;
				INFOPLIST_FILE = JWNewGuideDemo/Info.plist;
				LD_RUNPATH_SEARCH_PATHS = (
					"$(inherited)",
					"@executable_path/Frameworks",
				);
				PRODUCT_BUNDLE_IDENTIFIER = jessiewu.JWNewGuideDemo;
				PRODUCT_NAME = "$(TARGET_NAME)";
				SWIFT_VERSION = 4.0;
				TARGETED_DEVICE_FAMILY = "1,2";
			};
			name = Debug;
		};
		65825B9A211007E100C2A3C7 /* Release */ = {
			isa = XCBuildConfiguration;
			buildSettings = {
				ASSETCATALOG_COMPILER_APPICON_NAME = AppIcon;
				CODE_SIGN_STYLE = Automatic;
				DEVELOPMENT_TEAM = DT8MY6DL3S;
				INFOPLIST_FILE = JWNewGuideDemo/Info.plist;
				LD_RUNPATH_SEARCH_PATHS = (
					"$(inherited)",
					"@executable_path/Frameworks",
				);
				PRODUCT_BUNDLE_IDENTIFIER = jessiewu.JWNewGuideDemo;
				PRODUCT_NAME = "$(TARGET_NAME)";
				SWIFT_VERSION = 4.0;
				TARGETED_DEVICE_FAMILY = "1,2";
			};
			name = Release;
		};
/* End XCBuildConfiguration section */

/* Begin XCConfigurationList section */
		65825B81211007DD00C2A3C7 /* Build configuration list for PBXProject "JWNewGuideDemo" */ = {
			isa = XCConfigurationList;
			buildConfigurations = (
				65825B96211007E100C2A3C7 /* Debug */,
				65825B97211007E100C2A3C7 /* Release */,
			);
			defaultConfigurationIsVisible = 0;
			defaultConfigurationName = Release;
		};
		65825B98211007E100C2A3C7 /* Build configuration list for PBXNativeTarget "JWNewGuideDemo" */ = {
			isa = XCConfigurationList;
			buildConfigurations = (
				65825B99211007E100C2A3C7 /* Debug */,
				65825B9A211007E100C2A3C7 /* Release */,
			);
			defaultConfigurationIsVisible = 0;
			defaultConfigurationName = Release;
		};
/* End XCConfigurationList section */
	};
	rootObject = 65825B7E211007DD00C2A3C7 /* Project object */;
}
